
Microsoft Visual Studio Solution File, Format Version 12.00
# Visual Studio Version 17
VisualStudioVersion = 17.11.35219.272
MinimumVisualStudioVersion = 10.0.40219.1
Project("{9A19103F-16F7-4668-BE54-9A1E7A4F7556}") = "FastFoodBackend.OrderAcception", "FastFoodBackend.OrderAcception\FastFoodBackend.OrderAcception.csproj", "{148D9851-B374-4D85-B936-B7F3650250D9}"
EndProject
Project("{9A19103F-16F7-4668-BE54-9A1E7A4F7556}") = "FastFoodBackend.BrokerMessages", "..\BrokerMessages\FastFoodBackend.BrokerMessages\FastFoodBackend.BrokerMessages.csproj", "{93765C70-DAEC-4028-9F7C-051101F6AAE3}"
EndProject
Project("{FAE04EC0-301F-11D3-BF4B-00C04F79EFBC}") = "FastFoodBackend.OrderAcception.Application", "FastFoodBackend.OrderAcception.Application\FastFoodBackend.OrderAcception.Application.csproj", "{E7235A32-0873-4944-AFBD-56BC508C0F36}"
EndProject
Project("{FAE04EC0-301F-11D3-BF4B-00C04F79EFBC}") = "FastFoodBackend.OrderAcception.Infrastructure", "FastFoodBackend.OrderAcception.Infrastructure\FastFoodBackend.OrderAcception.Infrastructure.csproj", "{2E9E2D72-BEE8-4637-9499-778EE0088477}"
EndProject
Global
	GlobalSection(SolutionConfigurationPlatforms) = preSolution
		Debug|Any CPU = Debug|Any CPU
		Release|Any CPU = Release|Any CPU
	EndGlobalSection
	GlobalSection(ProjectConfigurationPlatforms) = postSolution
		{148D9851-B374-4D85-B936-B7F3650250D9}.Debug|Any CPU.ActiveCfg = Debug|Any CPU
		{148D9851-B374-4D85-B936-B7F3650250D9}.Debug|Any CPU.Build.0 = Debug|Any CPU
		{148D9851-B374-4D85-B936-B7F3650250D9}.Release|Any CPU.ActiveCfg = Release|Any CPU
		{148D9851-B374-4D85-B936-B7F3650250D9}.Release|Any CPU.Build.0 = Release|Any CPU
		{93765C70-DAEC-4028-9F7C-051101F6AAE3}.Debug|Any CPU.ActiveCfg = Debug|Any CPU
		{93765C70-DAEC-4028-9F7C-051101F6AAE3}.Debug|Any CPU.Build.0 = Debug|Any CPU
		{93765C70-DAEC-4028-9F7C-051101F6AAE3}.Release|Any CPU.ActiveCfg = Release|Any CPU
		{93765C70-DAEC-4028-9F7C-051101F6AAE3}.Release|Any CPU.Build.0 = Release|Any CPU
		{E7235A32-0873-4944-AFBD-56BC508C0F36}.Debug|Any CPU.ActiveCfg = Debug|Any CPU
		{E7235A32-0873-4944-AFBD-56BC508C0F36}.Debug|Any CPU.Build.0 = Debug|Any CPU
		{E7235A32-0873-4944-AFBD-56BC508C0F36}.Release|Any CPU.ActiveCfg = Release|Any CPU
		{E7235A32-0873-4944-AFBD-56BC508C0F36}.Release|Any CPU.Build.0 = Release|Any CPU
		{2E9E2D72-BEE8-4637-9499-778EE0088477}.Debug|Any CPU.ActiveCfg = Debug|Any CPU
		{2E9E2D72-BEE8-4637-9499-778EE0088477}.Debug|Any CPU.Build.0 = Debug|Any CPU
		{2E9E2D72-BEE8-4637-9499-778EE0088477}.Release|Any CPU.ActiveCfg = Release|Any CPU
		{2E9E2D72-BEE8-4637-9499-778EE0088477}.Release|Any CPU.Build.0 = Release|Any CPU
	EndGlobalSection
	GlobalSection(SolutionProperties) = preSolution
		HideSolutionNode = FALSE
	EndGlobalSection
	GlobalSection(ExtensibilityGlobals) = postSolution
		SolutionGuid = {4F538323-BD99-4174-8888-67F498BC2772}
	EndGlobalSection
EndGlobal
