
Microsoft Visual Studio Solution File, Format Version 12.00
# Visual Studio Version 17
VisualStudioVersion = 17.11.35219.272
MinimumVisualStudioVersion = 10.0.40219.1
Project("{FAE04EC0-301F-11D3-BF4B-00C04F79EFBC}") = "FastFoodBackend.OrderAcception", "FastFoodBackend.OrderAcception\FastFoodBackend.OrderAcception.csproj", "{148D9851-B374-4D85-B936-B7F3650250D9}"
EndProject
Global
	GlobalSection(SolutionConfigurationPlatforms) = preSolution
		Debug|Any CPU = Debug|Any CPU
		Release|Any CPU = Release|Any CPU
	EndGlobalSection
	GlobalSection(ProjectConfigurationPlatforms) = postSolution
		{148D9851-B374-4D85-B936-B7F3650250D9}.Debug|Any CPU.ActiveCfg = Debug|Any CPU
		{148D9851-B374-4D85-B936-B7F3650250D9}.Debug|Any CPU.Build.0 = Debug|Any CPU
		{148D9851-B374-4D85-B936-B7F3650250D9}.Release|Any CPU.ActiveCfg = Release|Any CPU
		{148D9851-B374-4D85-B936-B7F3650250D9}.Release|Any CPU.Build.0 = Release|Any CPU
	EndGlobalSection
	GlobalSection(SolutionProperties) = preSolution
		HideSolutionNode = FALSE
	EndGlobalSection
	GlobalSection(ExtensibilityGlobals) = postSolution
		SolutionGuid = {4F538323-BD99-4174-8888-67F498BC2772}
	EndGlobalSection
EndGlobal
